
Microsoft Visual Studio Solution File, Format Version 12.00
# Visual Studio Version 16
VisualStudioVersion = 16.0.31112.23
MinimumVisualStudioVersion = 10.0.40219.1
Project("{9A19103F-16F7-4668-BE54-9A1E7A4F7556}") = "Blazor.Flags.Web.Example", "Blazor.Flags.Web.Example\Blazor.Flags.Web.Example.csproj", "{3A0EF864-59D6-419E-B6A1-90474452D535}"
EndProject
Project("{9A19103F-16F7-4668-BE54-9A1E7A4F7556}") = "Blazor.Flags.Server.Example", "Blazor.Flags.Server.Example\Blazor.Flags.Server.Example.csproj", "{9B855665-612A-460C-AF17-2AC71D604A83}"
EndProject
Project("{9A19103F-16F7-4668-BE54-9A1E7A4F7556}") = "Blazor.Flags", "Blazor.Flags\Blazor.Flags.csproj", "{0EC81292-4B46-4C62-B07C-C04B8AF7B171}"
EndProject
Global
	GlobalSection(SolutionConfigurationPlatforms) = preSolution
		Debug|Any CPU = Debug|Any CPU
		Release|Any CPU = Release|Any CPU
	EndGlobalSection
	GlobalSection(ProjectConfigurationPlatforms) = postSolution
		{3A0EF864-59D6-419E-B6A1-90474452D535}.Debug|Any CPU.ActiveCfg = Debug|Any CPU
		{3A0EF864-59D6-419E-B6A1-90474452D535}.Debug|Any CPU.Build.0 = Debug|Any CPU
		{3A0EF864-59D6-419E-B6A1-90474452D535}.Release|Any CPU.ActiveCfg = Release|Any CPU
		{3A0EF864-59D6-419E-B6A1-90474452D535}.Release|Any CPU.Build.0 = Release|Any CPU
		{9B855665-612A-460C-AF17-2AC71D604A83}.Debug|Any CPU.ActiveCfg = Debug|Any CPU
		{9B855665-612A-460C-AF17-2AC71D604A83}.Debug|Any CPU.Build.0 = Debug|Any CPU
		{9B855665-612A-460C-AF17-2AC71D604A83}.Release|Any CPU.ActiveCfg = Release|Any CPU
		{9B855665-612A-460C-AF17-2AC71D604A83}.Release|Any CPU.Build.0 = Release|Any CPU
		{0EC81292-4B46-4C62-B07C-C04B8AF7B171}.Debug|Any CPU.ActiveCfg = Debug|Any CPU
		{0EC81292-4B46-4C62-B07C-C04B8AF7B171}.Debug|Any CPU.Build.0 = Debug|Any CPU
		{0EC81292-4B46-4C62-B07C-C04B8AF7B171}.Release|Any CPU.ActiveCfg = Release|Any CPU
		{0EC81292-4B46-4C62-B07C-C04B8AF7B171}.Release|Any CPU.Build.0 = Release|Any CPU
	EndGlobalSection
	GlobalSection(SolutionProperties) = preSolution
		HideSolutionNode = FALSE
	EndGlobalSection
	GlobalSection(ExtensibilityGlobals) = postSolution
		SolutionGuid = {6B4C3934-8359-405E-AE6E-8ECBBC3435F0}
	EndGlobalSection
EndGlobal
